{
  "name": "code-check",
  "version": "1.0.8",
  "lockfileVersion": 1,
  "requires": true,
  "dependencies": {
    "esprima": {
      "version": "2.7.3",
      "resolved": "http://npm.paypal.com/repository/npm-all/esprima/-/esprima-2.7.3.tgz",
      "integrity": "sha1-luO3DVd59q1JzQMmc9HDEnZ7pYE=",
      "dev": true
    }
  }
}
